
Microsoft Visual Studio Solution File, Format Version 12.00
# Visual Studio Version 16
VisualStudioVersion = 16.0.30523.141
MinimumVisualStudioVersion = 10.0.40219.1
Project("{FAE04EC0-301F-11D3-BF4B-00C04F79EFBC}") = "GerenciadorCondominio", "GerenciadorCondominio\GerenciadorCondominio.csproj", "{E8862970-A987-499C-82B2-10693A0B2077}"
EndProject
Project("{FAE04EC0-301F-11D3-BF4B-00C04F79EFBC}") = "GerenciadorCondominio.BLL", "GerenciadorCondominio.BLL\GerenciadorCondominio.BLL.csproj", "{1D06F55E-D404-4B3F-B25F-B7E56EEE9FB9}"
EndProject
Project("{FAE04EC0-301F-11D3-BF4B-00C04F79EFBC}") = "GerenciadorCondominio.DAL", "GerenciadorCondominio.DAL\GerenciadorCondominio.DAL.csproj", "{9D678CC2-18A3-4E13-87CC-16053BA934D3}"
EndProject
Global
	GlobalSection(SolutionConfigurationPlatforms) = preSolution
		Debug|Any CPU = Debug|Any CPU
		Release|Any CPU = Release|Any CPU
	EndGlobalSection
	GlobalSection(ProjectConfigurationPlatforms) = postSolution
		{E8862970-A987-499C-82B2-10693A0B2077}.Debug|Any CPU.ActiveCfg = Debug|Any CPU
		{E8862970-A987-499C-82B2-10693A0B2077}.Debug|Any CPU.Build.0 = Debug|Any CPU
		{E8862970-A987-499C-82B2-10693A0B2077}.Release|Any CPU.ActiveCfg = Release|Any CPU
		{E8862970-A987-499C-82B2-10693A0B2077}.Release|Any CPU.Build.0 = Release|Any CPU
		{1D06F55E-D404-4B3F-B25F-B7E56EEE9FB9}.Debug|Any CPU.ActiveCfg = Debug|Any CPU
		{1D06F55E-D404-4B3F-B25F-B7E56EEE9FB9}.Debug|Any CPU.Build.0 = Debug|Any CPU
		{1D06F55E-D404-4B3F-B25F-B7E56EEE9FB9}.Release|Any CPU.ActiveCfg = Release|Any CPU
		{1D06F55E-D404-4B3F-B25F-B7E56EEE9FB9}.Release|Any CPU.Build.0 = Release|Any CPU
		{9D678CC2-18A3-4E13-87CC-16053BA934D3}.Debug|Any CPU.ActiveCfg = Debug|Any CPU
		{9D678CC2-18A3-4E13-87CC-16053BA934D3}.Debug|Any CPU.Build.0 = Debug|Any CPU
		{9D678CC2-18A3-4E13-87CC-16053BA934D3}.Release|Any CPU.ActiveCfg = Release|Any CPU
		{9D678CC2-18A3-4E13-87CC-16053BA934D3}.Release|Any CPU.Build.0 = Release|Any CPU
	EndGlobalSection
	GlobalSection(SolutionProperties) = preSolution
		HideSolutionNode = FALSE
	EndGlobalSection
	GlobalSection(ExtensibilityGlobals) = postSolution
		SolutionGuid = {3C5CB962-4220-4369-B2D6-97A771541DA4}
	EndGlobalSection
EndGlobal
